
Microsoft Visual Studio Solution File, Format Version 12.00
# Visual Studio Version 16
VisualStudioVersion = 16.0.29920.165
MinimumVisualStudioVersion = 10.0.40219.1
Project("{FAE04EC0-301F-11D3-BF4B-00C04F79EFBC}") = "ObserverPatternSample", "ObserverPatternSample\ObserverPatternSample.csproj", "{8E98C603-70DA-4854-9D96-DFA935EBE82C}"
EndProject
Global
	GlobalSection(SolutionConfigurationPlatforms) = preSolution
		Debug|Any CPU = Debug|Any CPU
		Release|Any CPU = Release|Any CPU
	EndGlobalSection
	GlobalSection(ProjectConfigurationPlatforms) = postSolution
		{8E98C603-70DA-4854-9D96-DFA935EBE82C}.Debug|Any CPU.ActiveCfg = Debug|Any CPU
		{8E98C603-70DA-4854-9D96-DFA935EBE82C}.Debug|Any CPU.Build.0 = Debug|Any CPU
		{8E98C603-70DA-4854-9D96-DFA935EBE82C}.Release|Any CPU.ActiveCfg = Release|Any CPU
		{8E98C603-70DA-4854-9D96-DFA935EBE82C}.Release|Any CPU.Build.0 = Release|Any CPU
	EndGlobalSection
	GlobalSection(SolutionProperties) = preSolution
		HideSolutionNode = FALSE
	EndGlobalSection
	GlobalSection(ExtensibilityGlobals) = postSolution
		SolutionGuid = {5BC0942F-B03E-4353-9C50-923303DCE23A}
	EndGlobalSection
EndGlobal
